# This file is automatically @generated by Poetry 1.5.4 and should not be changed by hand.

[[package]]
name = "fuzz"
version = "0.1.1"
description = "Contains tools for modelling values with associated uncertainty."
optional = false
python-versions = "*"
files = [
    {file = "fuzz-0.1.1-py3-none-any.whl", hash = "sha256:b8a301841cb62bb2498de13fd3b9e8a62608a7fd1d0c0b904c3e6c6945509d3f"},
]

[metadata]
lock-version = "2.0"
python-versions = "^3.11"
content-hash = "c259dc06f3cf312b950835ec98c604abc2bafc208938278a0a2899311bb46904"
